
Microsoft Visual Studio Solution File, Format Version 12.00
# Visual Studio Version 17
VisualStudioVersion = 17.11.35327.3
MinimumVisualStudioVersion = 10.0.40219.1
Project("{9A19103F-16F7-4668-BE54-9A1E7A4F7556}") = "InterfaiseProject", "InterfaiseProject\InterfaiseProject.csproj", "{BC28E310-6E4C-43F6-A66A-50D58FB58D50}"
EndProject
Global
	GlobalSection(SolutionConfigurationPlatforms) = preSolution
		Debug|Any CPU = Debug|Any CPU
		Release|Any CPU = Release|Any CPU
	EndGlobalSection
	GlobalSection(ProjectConfigurationPlatforms) = postSolution
		{BC28E310-6E4C-43F6-A66A-50D58FB58D50}.Debug|Any CPU.ActiveCfg = Debug|Any CPU
		{BC28E310-6E4C-43F6-A66A-50D58FB58D50}.Debug|Any CPU.Build.0 = Debug|Any CPU
		{BC28E310-6E4C-43F6-A66A-50D58FB58D50}.Release|Any CPU.ActiveCfg = Release|Any CPU
		{BC28E310-6E4C-43F6-A66A-50D58FB58D50}.Release|Any CPU.Build.0 = Release|Any CPU
	EndGlobalSection
	GlobalSection(SolutionProperties) = preSolution
		HideSolutionNode = FALSE
	EndGlobalSection
	GlobalSection(ExtensibilityGlobals) = postSolution
		SolutionGuid = {47F5775E-0E14-483A-AD1C-1A61904BD055}
	EndGlobalSection
EndGlobal
